Microsoft Visual Studio Solution File, Format Version 8.00
Project("{8BC9CEB8-8B4A-11D0-8D11-00A0C91BC942}") = "Win32", "Win32.vcproj", "{AF1A57C1-C58F-41A6-B055-9D31D05E6C17}"
	ProjectSection(ProjectDependencies) = postProject
		{D1A6D493-1CC0-479C-831D-B36149D816FD} = {D1A6D493-1CC0-479C-831D-B36149D816FD}
	EndProjectSection
EndProject
Project("{8BC9CEB8-8B4A-11D0-8D11-00A0C91BC942}") = "Core", "Core.vcproj", "{D1A6D493-1CC0-479C-831D-B36149D816FD}"
	ProjectSection(ProjectDependencies) = postProject
	EndProjectSection
EndProject
Global
	GlobalSection(SolutionConfiguration) = preSolution
		Debug = Debug
		Release = Release
	EndGlobalSection
	GlobalSection(ProjectConfiguration) = postSolution
		{AF1A57C1-C58F-41A6-B055-9D31D05E6C17}.Debug.ActiveCfg = Debug|Win32
		{AF1A57C1-C58F-41A6-B055-9D31D05E6C17}.Debug.Build.0 = Debug|Win32
		{AF1A57C1-C58F-41A6-B055-9D31D05E6C17}.Release.ActiveCfg = Release|Win32
		{AF1A57C1-C58F-41A6-B055-9D31D05E6C17}.Release.Build.0 = Release|Win32
		{D1A6D493-1CC0-479C-831D-B36149D816FD}.Debug.ActiveCfg = Debug|Win32
		{D1A6D493-1CC0-479C-831D-B36149D816FD}.Debug.Build.0 = Debug|Win32
		{D1A6D493-1CC0-479C-831D-B36149D816FD}.Release.ActiveCfg = Release|Win32
		{D1A6D493-1CC0-479C-831D-B36149D816FD}.Release.Build.0 = Release|Win32
	EndGlobalSection
	GlobalSection(ExtensibilityGlobals) = postSolution
	EndGlobalSection
	GlobalSection(ExtensibilityAddIns) = postSolution
	EndGlobalSection
EndGlobal
